
Microsoft Visual Studio Solution File, Format Version 12.00
# Visual Studio Version 17
VisualStudioVersion = 17.12.35514.174
MinimumVisualStudioVersion = 10.0.40219.1
Project("{8BC9CEB8-8B4A-11D0-8D11-00A0C91BC942}") = "0x01", "0x01\0x01.vcxproj", "{2DA153EB-F812-4C7D-ADEF-8B5FCF1A5891}"
EndProject
Project("{8BC9CEB8-8B4A-11D0-8D11-00A0C91BC942}") = "0x02", "0x02\0x02.vcxproj", "{E677B9CB-BCF1-441A-AC67-66D4409ACB5B}"
EndProject
Project("{8BC9CEB8-8B4A-11D0-8D11-00A0C91BC942}") = "0x03", "0x03\0x03.vcxproj", "{89CA9390-FC53-48C6-BDF0-CBBDD87EAE26}"
EndProject
Project("{8BC9CEB8-8B4A-11D0-8D11-00A0C91BC942}") = "0x04", "0x04\0x04.vcxproj", "{94704F61-B785-45BC-B3E3-2956A1CF0FF1}"
EndProject
Project("{8BC9CEB8-8B4A-11D0-8D11-00A0C91BC942}") = "0x05", "0x05\0x05.vcxproj", "{2B1E5DD8-AD9A-4104-9C96-83BB858EF312}"
EndProject
Project("{8BC9CEB8-8B4A-11D0-8D11-00A0C91BC942}") = "0x06", "0x06\0x06.vcxproj", "{91C267E3-8B67-4988-B786-214F8EBEFB84}"
EndProject
Project("{8BC9CEB8-8B4A-11D0-8D11-00A0C91BC942}") = "0x07", "0x07\0x07.vcxproj", "{FE862BB2-D8B6-4E27-B5D4-D737F6417DCA}"
EndProject
Project("{8BC9CEB8-8B4A-11D0-8D11-00A0C91BC942}") = "0x08", "0x08\0x08.vcxproj", "{99EC980F-C0AC-423D-8F5D-9226679155AD}"
EndProject
Project("{8BC9CEB8-8B4A-11D0-8D11-00A0C91BC942}") = "0x09", "0x09\0x09.vcxproj", "{4F5B4E2F-56E6-43E9-A675-FFC36A01397F}"
EndProject
Project("{8BC9CEB8-8B4A-11D0-8D11-00A0C91BC942}") = "0x0B", "0x0B\0x0B.vcxproj", "{52C13759-E4CA-4556-8CE0-1D70DE54B052}"
EndProject
Global
	GlobalSection(SolutionConfigurationPlatforms) = preSolution
		Debug|x64 = Debug|x64
		Debug|x86 = Debug|x86
		Release|x64 = Release|x64
		Release|x86 = Release|x86
	EndGlobalSection
	GlobalSection(ProjectConfigurationPlatforms) = postSolution
		{2DA153EB-F812-4C7D-ADEF-8B5FCF1A5891}.Debug|x64.ActiveCfg = Debug|x64
		{2DA153EB-F812-4C7D-ADEF-8B5FCF1A5891}.Debug|x64.Build.0 = Debug|x64
		{2DA153EB-F812-4C7D-ADEF-8B5FCF1A5891}.Debug|x86.ActiveCfg = Debug|Win32
		{2DA153EB-F812-4C7D-ADEF-8B5FCF1A5891}.Debug|x86.Build.0 = Debug|Win32
		{2DA153EB-F812-4C7D-ADEF-8B5FCF1A5891}.Release|x64.ActiveCfg = Release|x64
		{2DA153EB-F812-4C7D-ADEF-8B5FCF1A5891}.Release|x64.Build.0 = Release|x64
		{2DA153EB-F812-4C7D-ADEF-8B5FCF1A5891}.Release|x86.ActiveCfg = Release|Win32
		{2DA153EB-F812-4C7D-ADEF-8B5FCF1A5891}.Release|x86.Build.0 = Release|Win32
		{E677B9CB-BCF1-441A-AC67-66D4409ACB5B}.Debug|x64.ActiveCfg = Debug|x64
		{E677B9CB-BCF1-441A-AC67-66D4409ACB5B}.Debug|x64.Build.0 = Debug|x64
		{E677B9CB-BCF1-441A-AC67-66D4409ACB5B}.Debug|x86.ActiveCfg = Debug|Win32
		{E677B9CB-BCF1-441A-AC67-66D4409ACB5B}.Debug|x86.Build.0 = Debug|Win32
		{E677B9CB-BCF1-441A-AC67-66D4409ACB5B}.Release|x64.ActiveCfg = Release|x64
		{E677B9CB-BCF1-441A-AC67-66D4409ACB5B}.Release|x64.Build.0 = Release|x64
		{E677B9CB-BCF1-441A-AC67-66D4409ACB5B}.Release|x86.ActiveCfg = Release|Win32
		{E677B9CB-BCF1-441A-AC67-66D4409ACB5B}.Release|x86.Build.0 = Release|Win32
		{89CA9390-FC53-48C6-BDF0-CBBDD87EAE26}.Debug|x64.ActiveCfg = Debug|x64
		{89CA9390-FC53-48C6-BDF0-CBBDD87EAE26}.Debug|x64.Build.0 = Debug|x64
		{89CA9390-FC53-48C6-BDF0-CBBDD87EAE26}.Debug|x86.ActiveCfg = Debug|Win32
		{89CA9390-FC53-48C6-BDF0-CBBDD87EAE26}.Debug|x86.Build.0 = Debug|Win32
		{89CA9390-FC53-48C6-BDF0-CBBDD87EAE26}.Release|x64.ActiveCfg = Release|x64
		{89CA9390-FC53-48C6-BDF0-CBBDD87EAE26}.Release|x64.Build.0 = Release|x64
		{89CA9390-FC53-48C6-BDF0-CBBDD87EAE26}.Release|x86.ActiveCfg = Release|Win32
		{89CA9390-FC53-48C6-BDF0-CBBDD87EAE26}.Release|x86.Build.0 = Release|Win32
		{94704F61-B785-45BC-B3E3-2956A1CF0FF1}.Debug|x64.ActiveCfg = Debug|x64
		{94704F61-B785-45BC-B3E3-2956A1CF0FF1}.Debug|x64.Build.0 = Debug|x64
		{94704F61-B785-45BC-B3E3-2956A1CF0FF1}.Debug|x86.ActiveCfg = Debug|Win32
		{94704F61-B785-45BC-B3E3-2956A1CF0FF1}.Debug|x86.Build.0 = Debug|Win32
		{94704F61-B785-45BC-B3E3-2956A1CF0FF1}.Release|x64.ActiveCfg = Release|x64
		{94704F61-B785-45BC-B3E3-2956A1CF0FF1}.Release|x64.Build.0 = Release|x64
		{94704F61-B785-45BC-B3E3-2956A1CF0FF1}.Release|x86.ActiveCfg = Release|Win32
		{94704F61-B785-45BC-B3E3-2956A1CF0FF1}.Release|x86.Build.0 = Release|Win32
		{2B1E5DD8-AD9A-4104-9C96-83BB858EF312}.Debug|x64.ActiveCfg = Debug|x64
		{2B1E5DD8-AD9A-4104-9C96-83BB858EF312}.Debug|x64.Build.0 = Debug|x64
		{2B1E5DD8-AD9A-4104-9C96-83BB858EF312}.Debug|x86.ActiveCfg = Debug|Win32
		{2B1E5DD8-AD9A-4104-9C96-83BB858EF312}.Debug|x86.Build.0 = Debug|Win32
		{2B1E5DD8-AD9A-4104-9C96-83BB858EF312}.Release|x64.ActiveCfg = Release|x64
		{2B1E5DD8-AD9A-4104-9C96-83BB858EF312}.Release|x64.Build.0 = Release|x64
		{2B1E5DD8-AD9A-4104-9C96-83BB858EF312}.Release|x86.ActiveCfg = Release|Win32
		{2B1E5DD8-AD9A-4104-9C96-83BB858EF312}.Release|x86.Build.0 = Release|Win32
		{91C267E3-8B67-4988-B786-214F8EBEFB84}.Debug|x64.ActiveCfg = Debug|x64
		{91C267E3-8B67-4988-B786-214F8EBEFB84}.Debug|x64.Build.0 = Debug|x64
		{91C267E3-8B67-4988-B786-214F8EBEFB84}.Debug|x86.ActiveCfg = Debug|Win32
		{91C267E3-8B67-4988-B786-214F8EBEFB84}.Debug|x86.Build.0 = Debug|Win32
		{91C267E3-8B67-4988-B786-214F8EBEFB84}.Release|x64.ActiveCfg = Release|x64
		{91C267E3-8B67-4988-B786-214F8EBEFB84}.Release|x64.Build.0 = Release|x64
		{91C267E3-8B67-4988-B786-214F8EBEFB84}.Release|x86.ActiveCfg = Release|Win32
		{91C267E3-8B67-4988-B786-214F8EBEFB84}.Release|x86.Build.0 = Release|Win32
		{FE862BB2-D8B6-4E27-B5D4-D737F6417DCA}.Debug|x64.ActiveCfg = Debug|x64
		{FE862BB2-D8B6-4E27-B5D4-D737F6417DCA}.Debug|x64.Build.0 = Debug|x64
		{FE862BB2-D8B6-4E27-B5D4-D737F6417DCA}.Debug|x86.ActiveCfg = Debug|Win32
		{FE862BB2-D8B6-4E27-B5D4-D737F6417DCA}.Debug|x86.Build.0 = Debug|Win32
		{FE862BB2-D8B6-4E27-B5D4-D737F6417DCA}.Release|x64.ActiveCfg = Release|x64
		{FE862BB2-D8B6-4E27-B5D4-D737F6417DCA}.Release|x64.Build.0 = Release|x64
		{FE862BB2-D8B6-4E27-B5D4-D737F6417DCA}.Release|x86.ActiveCfg = Release|Win32
		{FE862BB2-D8B6-4E27-B5D4-D737F6417DCA}.Release|x86.Build.0 = Release|Win32
		{99EC980F-C0AC-423D-8F5D-9226679155AD}.Debug|x64.ActiveCfg = Debug|x64
		{99EC980F-C0AC-423D-8F5D-9226679155AD}.Debug|x64.Build.0 = Debug|x64
		{99EC980F-C0AC-423D-8F5D-9226679155AD}.Debug|x86.ActiveCfg = Debug|Win32
		{99EC980F-C0AC-423D-8F5D-9226679155AD}.Debug|x86.Build.0 = Debug|Win32
		{99EC980F-C0AC-423D-8F5D-9226679155AD}.Release|x64.ActiveCfg = Release|x64
		{99EC980F-C0AC-423D-8F5D-9226679155AD}.Release|x64.Build.0 = Release|x64
		{99EC980F-C0AC-423D-8F5D-9226679155AD}.Release|x86.ActiveCfg = Release|Win32
		{99EC980F-C0AC-423D-8F5D-9226679155AD}.Release|x86.Build.0 = Release|Win32
		{4F5B4E2F-56E6-43E9-A675-FFC36A01397F}.Debug|x64.ActiveCfg = Debug|x64
		{4F5B4E2F-56E6-43E9-A675-FFC36A01397F}.Debug|x64.Build.0 = Debug|x64
		{4F5B4E2F-56E6-43E9-A675-FFC36A01397F}.Debug|x86.ActiveCfg = Debug|Win32
		{4F5B4E2F-56E6-43E9-A675-FFC36A01397F}.Debug|x86.Build.0 = Debug|Win32
		{4F5B4E2F-56E6-43E9-A675-FFC36A01397F}.Release|x64.ActiveCfg = Release|x64
		{4F5B4E2F-56E6-43E9-A675-FFC36A01397F}.Release|x64.Build.0 = Release|x64
		{4F5B4E2F-56E6-43E9-A675-FFC36A01397F}.Release|x86.ActiveCfg = Release|Win32
		{4F5B4E2F-56E6-43E9-A675-FFC36A01397F}.Release|x86.Build.0 = Release|Win32
		{52C13759-E4CA-4556-8CE0-1D70DE54B052}.Debug|x64.ActiveCfg = Debug|x64
		{52C13759-E4CA-4556-8CE0-1D70DE54B052}.Debug|x64.Build.0 = Debug|x64
		{52C13759-E4CA-4556-8CE0-1D70DE54B052}.Debug|x86.ActiveCfg = Debug|Win32
		{52C13759-E4CA-4556-8CE0-1D70DE54B052}.Debug|x86.Build.0 = Debug|Win32
		{52C13759-E4CA-4556-8CE0-1D70DE54B052}.Release|x64.ActiveCfg = Release|x64
		{52C13759-E4CA-4556-8CE0-1D70DE54B052}.Release|x64.Build.0 = Release|x64
		{52C13759-E4CA-4556-8CE0-1D70DE54B052}.Release|x86.ActiveCfg = Release|Win32
		{52C13759-E4CA-4556-8CE0-1D70DE54B052}.Release|x86.Build.0 = Release|Win32
	EndGlobalSection
	GlobalSection(SolutionProperties) = preSolution
		HideSolutionNode = FALSE
	EndGlobalSection
EndGlobal
